
Microsoft Visual Studio Solution File, Format Version 12.00
# Visual Studio Version 16
VisualStudioVersion = 16.0.29318.209
MinimumVisualStudioVersion = 10.0.40219.1
Project("{FAE04EC0-301F-11D3-BF4B-00C04F79EFBC}") = "Ray2Mod", "Ray2Mod\Ray2Mod.csproj", "{A88B3B19-48B3-4D6B-A217-8AF81926BE25}"
EndProject
Project("{FAE04EC0-301F-11D3-BF4B-00C04F79EFBC}") = "ModRunner", "ModRunner\ModRunner.csproj", "{8466F3F6-880D-46E1-93BC-47E8B5C97195}"
EndProject
Project("{FAE04EC0-301F-11D3-BF4B-00C04F79EFBC}") = "ModLoader", "ModLoader\ModLoader.csproj", "{3F23F2BB-BF9A-4CA9-9A3C-14C1A74FF98A}"
EndProject
Project("{2150E333-8FDC-42A3-9474-1A3956D46DE8}") = "samples", "samples", "{A3995D66-9136-47E7-B180-22E419532C5E}"
EndProject
Project("{FAE04EC0-301F-11D3-BF4B-00C04F79EFBC}") = "HelloWorld", "samples\HelloWorld\HelloWorld.csproj", "{43B48BE4-5AAB-474D-AF04-2B794AF2AD8F}"
EndProject
Project("{FAE04EC0-301F-11D3-BF4B-00C04F79EFBC}") = "HudIcons", "samples\HudIcons\HudIcons.csproj", "{70BB4075-F09B-44B2-B61D-6599A3FC0FD3}"
EndProject
Project("{FAE04EC0-301F-11D3-BF4B-00C04F79EFBC}") = "Pointers", "samples\Pointers\Pointers.csproj", "{1C0A9FBF-4DBB-43EB-AF58-E03A2F4BD9A5}"
EndProject
Project("{FAE04EC0-301F-11D3-BF4B-00C04F79EFBC}") = "TextOverlays", "samples\TextOverlays\TextOverlays.csproj", "{0309FE7D-FC81-4AD8-BBBF-C10B37FD935C}"
EndProject
Global
	GlobalSection(SolutionConfigurationPlatforms) = preSolution
		Debug|x86 = Debug|x86
		Release|x86 = Release|x86
	EndGlobalSection
	GlobalSection(ProjectConfigurationPlatforms) = postSolution
		{A88B3B19-48B3-4D6B-A217-8AF81926BE25}.Debug|x86.ActiveCfg = Debug|x86
		{A88B3B19-48B3-4D6B-A217-8AF81926BE25}.Debug|x86.Build.0 = Debug|x86
		{A88B3B19-48B3-4D6B-A217-8AF81926BE25}.Release|x86.ActiveCfg = Release|x86
		{A88B3B19-48B3-4D6B-A217-8AF81926BE25}.Release|x86.Build.0 = Release|x86
		{8466F3F6-880D-46E1-93BC-47E8B5C97195}.Debug|x86.ActiveCfg = Debug|x86
		{8466F3F6-880D-46E1-93BC-47E8B5C97195}.Debug|x86.Build.0 = Debug|x86
		{8466F3F6-880D-46E1-93BC-47E8B5C97195}.Release|x86.ActiveCfg = Release|x86
		{8466F3F6-880D-46E1-93BC-47E8B5C97195}.Release|x86.Build.0 = Release|x86
		{3F23F2BB-BF9A-4CA9-9A3C-14C1A74FF98A}.Debug|x86.ActiveCfg = Debug|x86
		{3F23F2BB-BF9A-4CA9-9A3C-14C1A74FF98A}.Debug|x86.Build.0 = Debug|x86
		{3F23F2BB-BF9A-4CA9-9A3C-14C1A74FF98A}.Release|x86.ActiveCfg = Release|x86
		{3F23F2BB-BF9A-4CA9-9A3C-14C1A74FF98A}.Release|x86.Build.0 = Release|x86
		{43B48BE4-5AAB-474D-AF04-2B794AF2AD8F}.Debug|x86.ActiveCfg = Debug|x86
		{43B48BE4-5AAB-474D-AF04-2B794AF2AD8F}.Debug|x86.Build.0 = Debug|x86
		{43B48BE4-5AAB-474D-AF04-2B794AF2AD8F}.Release|x86.ActiveCfg = Release|x86
		{43B48BE4-5AAB-474D-AF04-2B794AF2AD8F}.Release|x86.Build.0 = Release|x86
		{70BB4075-F09B-44B2-B61D-6599A3FC0FD3}.Debug|x86.ActiveCfg = Debug|x86
		{70BB4075-F09B-44B2-B61D-6599A3FC0FD3}.Debug|x86.Build.0 = Debug|x86
		{70BB4075-F09B-44B2-B61D-6599A3FC0FD3}.Release|x86.ActiveCfg = Release|x86
		{70BB4075-F09B-44B2-B61D-6599A3FC0FD3}.Release|x86.Build.0 = Release|x86
		{1C0A9FBF-4DBB-43EB-AF58-E03A2F4BD9A5}.Debug|x86.ActiveCfg = Debug|x86
		{1C0A9FBF-4DBB-43EB-AF58-E03A2F4BD9A5}.Debug|x86.Build.0 = Debug|x86
		{1C0A9FBF-4DBB-43EB-AF58-E03A2F4BD9A5}.Release|x86.ActiveCfg = Release|x86
		{1C0A9FBF-4DBB-43EB-AF58-E03A2F4BD9A5}.Release|x86.Build.0 = Release|x86
		{0309FE7D-FC81-4AD8-BBBF-C10B37FD935C}.Debug|x86.ActiveCfg = Debug|x86
		{0309FE7D-FC81-4AD8-BBBF-C10B37FD935C}.Debug|x86.Build.0 = Debug|x86
		{0309FE7D-FC81-4AD8-BBBF-C10B37FD935C}.Release|x86.ActiveCfg = Release|x86
		{0309FE7D-FC81-4AD8-BBBF-C10B37FD935C}.Release|x86.Build.0 = Release|x86
	EndGlobalSection
	GlobalSection(SolutionProperties) = preSolution
		HideSolutionNode = FALSE
	EndGlobalSection
	GlobalSection(NestedProjects) = preSolution
		{43B48BE4-5AAB-474D-AF04-2B794AF2AD8F} = {A3995D66-9136-47E7-B180-22E419532C5E}
		{70BB4075-F09B-44B2-B61D-6599A3FC0FD3} = {A3995D66-9136-47E7-B180-22E419532C5E}
		{1C0A9FBF-4DBB-43EB-AF58-E03A2F4BD9A5} = {A3995D66-9136-47E7-B180-22E419532C5E}
		{0309FE7D-FC81-4AD8-BBBF-C10B37FD935C} = {A3995D66-9136-47E7-B180-22E419532C5E}
	EndGlobalSection
	GlobalSection(ExtensibilityGlobals) = postSolution
		SolutionGuid = {6F5E3E32-BBC8-41B0-B0BB-E41DD6097B39}
	EndGlobalSection
EndGlobal
